
Microsoft Visual Studio Solution File, Format Version 12.00
# Visual Studio Version 16
VisualStudioVersion = 16.0.30523.141
MinimumVisualStudioVersion = 10.0.40219.1
Project("{FAE04EC0-301F-11D3-BF4B-00C04F79EFBC}") = "StudSigns", "StudSigns\StudSigns.csproj", "{02344F12-F1F9-43EC-A549-7115D4874843}"
EndProject
Global
	GlobalSection(SolutionConfigurationPlatforms) = preSolution
		Debug|Any CPU = Debug|Any CPU
		Release|Any CPU = Release|Any CPU
	EndGlobalSection
	GlobalSection(ProjectConfigurationPlatforms) = postSolution
		{02344F12-F1F9-43EC-A549-7115D4874843}.Debug|Any CPU.ActiveCfg = Debug|Any CPU
		{02344F12-F1F9-43EC-A549-7115D4874843}.Debug|Any CPU.Build.0 = Debug|Any CPU
		{02344F12-F1F9-43EC-A549-7115D4874843}.Release|Any CPU.ActiveCfg = Release|Any CPU
		{02344F12-F1F9-43EC-A549-7115D4874843}.Release|Any CPU.Build.0 = Release|Any CPU
	EndGlobalSection
	GlobalSection(SolutionProperties) = preSolution
		HideSolutionNode = FALSE
	EndGlobalSection
	GlobalSection(ExtensibilityGlobals) = postSolution
		SolutionGuid = {0191B184-F5F6-44A9-B66C-8CC75C1A317D}
	EndGlobalSection
EndGlobal
